
Microsoft Visual Studio Solution File, Format Version 12.00
# Visual Studio Version 17
VisualStudioVersion = 17.3.32901.215
MinimumVisualStudioVersion = 10.0.40219.1
Project("{FAE04EC0-301F-11D3-BF4B-00C04F79EFBC}") = "MoodAnalyser222Batch", "MoodAnalyser222Batch\MoodAnalyser222Batch.csproj", "{08BDF92F-F385-4A41-B748-A4EFA2A2B0BA}"
EndProject
Project("{FAE04EC0-301F-11D3-BF4B-00C04F79EFBC}") = "MoodAnalyserTest", "MoodAnalyserTest\MoodAnalyserTest.csproj", "{5BBCDD5F-DAF0-4BE6-8A35-718D201F9727}"
EndProject
Global
	GlobalSection(SolutionConfigurationPlatforms) = preSolution
		Debug|Any CPU = Debug|Any CPU
		Release|Any CPU = Release|Any CPU
	EndGlobalSection
	GlobalSection(ProjectConfigurationPlatforms) = postSolution
		{08BDF92F-F385-4A41-B748-A4EFA2A2B0BA}.Debug|Any CPU.ActiveCfg = Debug|Any CPU
		{08BDF92F-F385-4A41-B748-A4EFA2A2B0BA}.Debug|Any CPU.Build.0 = Debug|Any CPU
		{08BDF92F-F385-4A41-B748-A4EFA2A2B0BA}.Release|Any CPU.ActiveCfg = Release|Any CPU
		{08BDF92F-F385-4A41-B748-A4EFA2A2B0BA}.Release|Any CPU.Build.0 = Release|Any CPU
		{5BBCDD5F-DAF0-4BE6-8A35-718D201F9727}.Debug|Any CPU.ActiveCfg = Debug|Any CPU
		{5BBCDD5F-DAF0-4BE6-8A35-718D201F9727}.Debug|Any CPU.Build.0 = Debug|Any CPU
		{5BBCDD5F-DAF0-4BE6-8A35-718D201F9727}.Release|Any CPU.ActiveCfg = Release|Any CPU
		{5BBCDD5F-DAF0-4BE6-8A35-718D201F9727}.Release|Any CPU.Build.0 = Release|Any CPU
	EndGlobalSection
	GlobalSection(SolutionProperties) = preSolution
		HideSolutionNode = FALSE
	EndGlobalSection
	GlobalSection(ExtensibilityGlobals) = postSolution
		SolutionGuid = {C9006133-1166-4551-8646-A129AE81B370}
	EndGlobalSection
EndGlobal
